{
  "name": "semantic-analyzer",
  "version": "1.0.0",
  "lockfileVersion": 1,
  "requires": true,
  "dependencies": {
    "array-iterate": {
      "version": "1.1.4",
      "resolved": "https://registry.npmjs.org/array-iterate/-/array-iterate-1.1.4.tgz",
      "integrity": "sha512-sNRaPGh9nnmdC8Zf+pT3UqP8rnWj5Hf9wiFGsX3wUQ2yVSIhO2ShFwCoceIPpB41QF6i2OEmrHmCo36xronCVA=="
    },
    "inherits": {
      "version": "2.0.4",
      "resolved": "https://registry.npmjs.org/inherits/-/inherits-2.0.4.tgz",
      "integrity": "sha512-k/vGaX4/Yla3WzyMCvTQOXYeIHvqOKtnqBduzTHpzpQZzAskKMhZ2K+EnBiSM9zGSoIFeMpXKxa4dYeZIQqewQ=="
    },
    "nlcst-to-string": {
      "version": "2.0.4",
      "resolved": "https://registry.npmjs.org/nlcst-to-string/-/nlcst-to-string-2.0.4.tgz",
      "integrity": "sha512-3x3jwTd6UPG7vi5k4GEzvxJ5rDA7hVUIRNHPblKuMVP9Z3xmlsd9cgLcpAMkc5uPOBna82EeshROFhsPkbnTZg=="
    },
    "parse-english": {
      "version": "4.1.3",
      "resolved": "https://registry.npmjs.org/parse-english/-/parse-english-4.1.3.tgz",
      "integrity": "sha512-IQl1v/ik9gw437T8083coohMihae0rozpc7JYC/9h6hi9xKBSxFwh5HWRpzVC2ZhEs2nUlze2aAktpNBJXdJKA==",
      "requires": {
        "nlcst-to-string": "^2.0.0",
        "parse-latin": "^4.0.0",
        "unist-util-modify-children": "^1.0.0",
        "unist-util-visit-children": "^1.0.0"
      }
    },
    "parse-latin": {
      "version": "4.2.1",
      "resolved": "https://registry.npmjs.org/parse-latin/-/parse-latin-4.2.1.tgz",
      "integrity": "sha512-7T9g6mIsFFpLlo0Zzb2jLWdCt+H9Qtf/hRmMYFi/Mq6Ovi+YKo+AyDFX3OhFfu0vXX5Nid9FKJGKSSzNcTkWiA==",
      "requires": {
        "nlcst-to-string": "^2.0.0",
        "unist-util-modify-children": "^1.0.0",
        "unist-util-visit-children": "^1.0.0"
      }
    },
    "retext-english": {
      "version": "3.0.4",
      "resolved": "https://registry.npmjs.org/retext-english/-/retext-english-3.0.4.tgz",
      "integrity": "sha512-yr1PgaBDde+25aJXrnt3p1jvT8FVLVat2Bx8XeAWX13KXo8OT+3nWGU3HWxM4YFJvmfqvJYJZG2d7xxaO774gw==",
      "requires": {
        "parse-english": "^4.0.0",
        "unherit": "^1.0.4"
      }
    },
    "unherit": {
      "version": "1.1.3",
      "resolved": "https://registry.npmjs.org/unherit/-/unherit-1.1.3.tgz",
      "integrity": "sha512-Ft16BJcnapDKp0+J/rqFC3Rrk6Y/Ng4nzsC028k2jdDII/rdZ7Wd3pPT/6+vIIxRagwRc9K0IUX0Ra4fKvw+WQ==",
      "requires": {
        "inherits": "^2.0.0",
        "xtend": "^4.0.0"
      }
    },
    "unist-util-modify-children": {
      "version": "1.1.6",
      "resolved": "https://registry.npmjs.org/unist-util-modify-children/-/unist-util-modify-children-1.1.6.tgz",
      "integrity": "sha512-TOA6W9QLil+BrHqIZNR4o6IA5QwGOveMbnQxnWYq+7EFORx9vz/CHrtzF36zWrW61E2UKw7sM1KPtIgeceVwXw==",
      "requires": {
        "array-iterate": "^1.0.0"
      }
    },
    "unist-util-visit-children": {
      "version": "1.1.4",
      "resolved": "https://registry.npmjs.org/unist-util-visit-children/-/unist-util-visit-children-1.1.4.tgz",
      "integrity": "sha512-sA/nXwYRCQVRwZU2/tQWUqJ9JSFM1X3x7JIOsIgSzrFHcfVt6NkzDtKzyxg2cZWkCwGF9CO8x4QNZRJRMK8FeQ=="
    },
    "xtend": {
      "version": "4.0.2",
      "resolved": "https://registry.npmjs.org/xtend/-/xtend-4.0.2.tgz",
      "integrity": "sha512-LKYU1iAXJXUgAXn9URjiu+MWhyUXHsvfp7mcuYm9dSUKK0/CjtrUwFAxD82/mCWbtLsGjFIad0wIsod4zrTAEQ=="
    }
  }
}
